Microsoft Visual Studio Solution File, Format Version 12.00
# Visual Studio Version 17
VisualStudioVersion = 17.5.2.0
MinimumVisualStudioVersion = 10.0.40219.1
Project("{FAE04EC0-301F-11D3-BF4B-00C04F79EFBC}") = "DeploymentService", "DeploymentService\DeploymentService.csproj", "{6921AE2C-7A0D-5939-8102-726A12CC908B}"
EndProject
Global
	GlobalSection(SolutionConfigurationPlatforms) = preSolution
		Debug|Any CPU = Debug|Any CPU
		Release|Any CPU = Release|Any CPU
	EndGlobalSection
	GlobalSection(ProjectConfigurationPlatforms) = postSolution
		{6921AE2C-7A0D-5939-8102-726A12CC908B}.Debug|Any CPU.ActiveCfg = Debug|Any CPU
		{6921AE2C-7A0D-5939-8102-726A12CC908B}.Debug|Any CPU.Build.0 = Debug|Any CPU
		{6921AE2C-7A0D-5939-8102-726A12CC908B}.Release|Any CPU.ActiveCfg = Release|Any CPU
		{6921AE2C-7A0D-5939-8102-726A12CC908B}.Release|Any CPU.Build.0 = Release|Any CPU
	EndGlobalSection
	GlobalSection(SolutionProperties) = preSolution
		HideSolutionNode = FALSE
	EndGlobalSection
	GlobalSection(ExtensibilityGlobals) = postSolution
		SolutionGuid = {BC77AEBB-8E92-4BC6-A23B-9E6313F9E8A0}
	EndGlobalSection
EndGlobal
